{
  "nodes": {
    "nixpkgs": {
      "locked": {
        "lastModified": 1724441997,
        "narHash": "sha256-D7EaHaGejdZmjl6vteVFasBaEgb6coQWO2+uXF3zlD0=",
        "path": "/nix/store/cizxlyzr7ipi1xz5xr2rdx7gsqpwfdzg-source",
        "rev": "a1ff09664a29517a20ce2891402c4d84c1004084",
        "type": "path"
      },
      "original": {
        "id": "nixpkgs",
        "type": "indirect"
      }
    },
    "root": {
      "inputs": {
        "nixpkgs": "nixpkgs"
      }
    }
  },
  "root": "root",
  "version": 7
}
